
Microsoft Visual Studio Solution File, Format Version 12.00
# Visual Studio Version 17
VisualStudioVersion = 17.4.33122.133
MinimumVisualStudioVersion = 10.0.40219.1
Project("{FAE04EC0-301F-11D3-BF4B-00C04F79EFBC}") = "Guessing number game", "Guessing number game\Guessing number game.csproj", "{0EDC64D5-D24E-4687-B18C-3B61BD7EDB7A}"
EndProject
Global
	GlobalSection(SolutionConfigurationPlatforms) = preSolution
		Debug|Any CPU = Debug|Any CPU
		Release|Any CPU = Release|Any CPU
	EndGlobalSection
	GlobalSection(ProjectConfigurationPlatforms) = postSolution
		{0EDC64D5-D24E-4687-B18C-3B61BD7EDB7A}.Debug|Any CPU.ActiveCfg = Debug|Any CPU
		{0EDC64D5-D24E-4687-B18C-3B61BD7EDB7A}.Debug|Any CPU.Build.0 = Debug|Any CPU
		{0EDC64D5-D24E-4687-B18C-3B61BD7EDB7A}.Release|Any CPU.ActiveCfg = Release|Any CPU
		{0EDC64D5-D24E-4687-B18C-3B61BD7EDB7A}.Release|Any CPU.Build.0 = Release|Any CPU
	EndGlobalSection
	GlobalSection(SolutionProperties) = preSolution
		HideSolutionNode = FALSE
	EndGlobalSection
	GlobalSection(ExtensibilityGlobals) = postSolution
		SolutionGuid = {67BA1A38-454A-42E3-BFAD-43038FF769B8}
	EndGlobalSection
EndGlobal
